
Microsoft Visual Studio Solution File, Format Version 12.00
# Visual Studio Version 17
VisualStudioVersion = 17.0.31903.59
MinimumVisualStudioVersion = 10.0.40219.1
Project("{2150E333-8FDC-42A3-9474-1A3956D46DE8}") = "components-local", "components-local", "{1A70F3B8-BF1A-4DB4-9433-084873A1F885}"
	ProjectSection(SolutionItems) = preProject
		components\local\bindings.yaml = components\local\bindings.yaml
		components\local\configstore.yaml = components\local\configstore.yaml
		components\local\pubsub.yaml = components\local\pubsub.yaml
		components\local\secret.yaml = components\local\secret.yaml
		components\local\secrets.json = components\local\secrets.json
		components\local\statestore.yaml = components\local\statestore.yaml
	EndProjectSection
EndProject
Project("{9A19103F-16F7-4668-BE54-9A1E7A4F7556}") = "building-blocks", "src\building-blocks\building-blocks.csproj", "{11BC5339-E08D-47CE-B0A5-A34923B8EC2C}"
EndProject
Project("{2150E333-8FDC-42A3-9474-1A3956D46DE8}") = "components-production", "components-production", "{4ED84E5F-53CB-42C4-AF8F-D6C2B78F058B}"
	ProjectSection(SolutionItems) = preProject
		components\production\bindings.yaml = components\production\bindings.yaml
		components\production\configstore.yaml = components\production\configstore.yaml
		components\production\pubsub.yaml = components\production\pubsub.yaml
		components\production\secret.yaml = components\production\secret.yaml
		components\production\statestore.yaml = components\production\statestore.yaml
	EndProjectSection
EndProject
Global
	GlobalSection(SolutionConfigurationPlatforms) = preSolution
		Debug|Any CPU = Debug|Any CPU
		Release|Any CPU = Release|Any CPU
	EndGlobalSection
	GlobalSection(ProjectConfigurationPlatforms) = postSolution
		{11BC5339-E08D-47CE-B0A5-A34923B8EC2C}.Debug|Any CPU.ActiveCfg = Debug|Any CPU
		{11BC5339-E08D-47CE-B0A5-A34923B8EC2C}.Debug|Any CPU.Build.0 = Debug|Any CPU
		{11BC5339-E08D-47CE-B0A5-A34923B8EC2C}.Release|Any CPU.ActiveCfg = Release|Any CPU
		{11BC5339-E08D-47CE-B0A5-A34923B8EC2C}.Release|Any CPU.Build.0 = Release|Any CPU
	EndGlobalSection
	GlobalSection(SolutionProperties) = preSolution
		HideSolutionNode = FALSE
	EndGlobalSection
	GlobalSection(ExtensibilityGlobals) = postSolution
		SolutionGuid = {D6758BD5-8412-4E46-B40A-9E1545F4F9C1}
	EndGlobalSection
EndGlobal
